<?xml version="1.0" encoding="utf-8"?>
<Project ToolsVersion="4.0" xmlns="http://schemas.microsoft.com/developer/msbuild/2003">
  <ItemGroup>
    <ClCompile Include="network.c">
      <Filter>Source Files</Filter>
    </ClCompile>
    <ClCompile Include="storage.c">
      <Filter>Source Files</Filter>
    </ClCompile>
  </ItemGroup>
  <ItemGroup>
    <ClInclude Include="Inc\Public\storage.h">
      <Filter>Headers</Filter>
    </ClInclude>
    <ClInclude Include="Inc\Public\network.h" />
  </ItemGroup>
  <ItemGroup>
    <Filter Include="Headers">
      <UniqueIdentifier>{184bf95f-cc0f-4b61-a158-d64f4262a4b6}</UniqueIdentifier>
    </Filter>
    <Filter Include="Source Files">
      <UniqueIdentifier>{1a9fab06-04df-4597-bc86-5b09afb843ee}</UniqueIdentifier>
    </Filter>
  </ItemGroup>
</Project>